
Microsoft Visual Studio Solution File, Format Version 12.00
# Visual Studio 2012
Project("{FAE04EC0-301F-11D3-BF4B-00C04F79EFBC}") = "ChickenSoup", "ChickenSoup.csproj", "{FAAF862E-6129-48EF-BDDB-6CB93A72045C}"
EndProject
Project("{D954291E-2A0B-460D-934E-DC6B0785DB48}") = "JSON", "..\Libraries\JSON\JSON\JSON.shproj", "{634FF80A-FC17-49A4-BD62-DA263243AAF1}"
EndProject
Project("{D954291E-2A0B-460D-934E-DC6B0785DB48}") = "Configuration", "..\Libraries\Configuration\Configuration.shproj", "{49670421-B220-42A0-9FA1-32B5B16CEFE5}"
EndProject
Global
	GlobalSection(SolutionConfigurationPlatforms) = preSolution
		Debug|x86 = Debug|x86
		Release|x86 = Release|x86
	EndGlobalSection
	GlobalSection(ProjectConfigurationPlatforms) = postSolution
		{FAAF862E-6129-48EF-BDDB-6CB93A72045C}.Debug|x86.ActiveCfg = Debug|x86
		{FAAF862E-6129-48EF-BDDB-6CB93A72045C}.Debug|x86.Build.0 = Debug|x86
		{FAAF862E-6129-48EF-BDDB-6CB93A72045C}.Release|x86.ActiveCfg = Release|x86
		{FAAF862E-6129-48EF-BDDB-6CB93A72045C}.Release|x86.Build.0 = Release|x86
	EndGlobalSection
	GlobalSection(MonoDevelopProperties) = preSolution
		Policies = $0
		$0.TextStylePolicy = $1
		$1.inheritsSet = null
		$1.scope = text/x-css
		$0.CSSFormattingPolicy = $2
		$2.BracePositions = SemiExpanded
		$2.HierarchicalIndentation = True
		$2.scope = text/x-css
		$0.VersionControlPolicy = $3
		$3.CommitMessageStyle = $4
		$4.FirstFilePrefix = 
		$4.FileSeparator = ", "
		$4.LastFilePostfix = @:\n
		$4.LineAlign = 0
	EndGlobalSection
EndGlobal
