
Microsoft Visual Studio Solution File, Format Version 12.00
# Visual Studio 2012
Project("{FAE04EC0-301F-11D3-BF4B-00C04F79EFBC}") = "ChickenSoup", "ChickenSoup.csproj", "{FAAF862E-6129-48EF-BDDB-6CB93A72045C}"
EndProject
Project("{D954291E-2A0B-460D-934E-DC6B0785DB48}") = "Configuration", "..\Libraries\Configuration\Configuration.shproj", "{49670421-B220-42A0-9FA1-32B5B16CEFE5}"
EndProject
Project("{D954291E-2A0B-460D-934E-DC6B0785DB48}") = "Commands", "..\Libraries\Commands\Commands.shproj", "{F66B8E9D-26C6-4375-937E-11BC8378C92E}"
EndProject
Project("{D954291E-2A0B-460D-934E-DC6B0785DB48}") = "Conversion", "..\Libraries\Conversion\Conversion.shproj", "{5FD909C4-F858-4593-8076-2668C4CE7073}"
EndProject
Project("{2150E333-8FDC-42A3-9474-1A3956D46DE8}") = "Plugins", "Plugins", "{B68EB2B4-46E4-4742-A2D9-75C23945F1B3}"
EndProject
Project("{FAE04EC0-301F-11D3-BF4B-00C04F79EFBC}") = "Redirect", "Plugins\Redirect\Redirect.csproj", "{C4F99860-71EA-430A-AA22-26CEBFF9077A}"
EndProject
Project("{FAE04EC0-301F-11D3-BF4B-00C04F79EFBC}") = "Articles", "Plugins\Articles\Articles.csproj", "{D884F201-BEB8-442E-AC67-4505203B4CAA}"
EndProject
Project("{FAE04EC0-301F-11D3-BF4B-00C04F79EFBC}") = "Statistics", "Plugins\Statistics\Statistics.csproj", "{98779DF9-F506-4E30-8093-9E279177B36F}"
EndProject
Global
	GlobalSection(SolutionConfigurationPlatforms) = preSolution
		Debug|x86 = Debug|x86
		Release|x86 = Release|x86
	EndGlobalSection
	GlobalSection(ProjectConfigurationPlatforms) = postSolution
		{FAAF862E-6129-48EF-BDDB-6CB93A72045C}.Debug|x86.ActiveCfg = Debug|x86
		{FAAF862E-6129-48EF-BDDB-6CB93A72045C}.Debug|x86.Build.0 = Debug|x86
		{FAAF862E-6129-48EF-BDDB-6CB93A72045C}.Release|x86.ActiveCfg = Release|x86
		{FAAF862E-6129-48EF-BDDB-6CB93A72045C}.Release|x86.Build.0 = Release|x86
		{C4F99860-71EA-430A-AA22-26CEBFF9077A}.Debug|x86.ActiveCfg = Debug|Any CPU
		{C4F99860-71EA-430A-AA22-26CEBFF9077A}.Debug|x86.Build.0 = Debug|Any CPU
		{C4F99860-71EA-430A-AA22-26CEBFF9077A}.Release|x86.ActiveCfg = Release|Any CPU
		{C4F99860-71EA-430A-AA22-26CEBFF9077A}.Release|x86.Build.0 = Release|Any CPU
		{D884F201-BEB8-442E-AC67-4505203B4CAA}.Debug|x86.ActiveCfg = Debug|Any CPU
		{D884F201-BEB8-442E-AC67-4505203B4CAA}.Debug|x86.Build.0 = Debug|Any CPU
		{D884F201-BEB8-442E-AC67-4505203B4CAA}.Release|x86.ActiveCfg = Release|Any CPU
		{D884F201-BEB8-442E-AC67-4505203B4CAA}.Release|x86.Build.0 = Release|Any CPU
		{98779DF9-F506-4E30-8093-9E279177B36F}.Debug|x86.ActiveCfg = Debug|Any CPU
		{98779DF9-F506-4E30-8093-9E279177B36F}.Debug|x86.Build.0 = Debug|Any CPU
		{98779DF9-F506-4E30-8093-9E279177B36F}.Release|x86.ActiveCfg = Release|Any CPU
		{98779DF9-F506-4E30-8093-9E279177B36F}.Release|x86.Build.0 = Release|Any CPU
	EndGlobalSection
	GlobalSection(MonoDevelopProperties) = preSolution
		Policies = $0
		$0.TextStylePolicy = $1
		$1.inheritsSet = null
		$1.scope = text/x-css
		$0.CSSFormattingPolicy = $2
		$2.BracePositions = SemiExpanded
		$2.HierarchicalIndentation = True
		$2.scope = text/x-css
		$0.VersionControlPolicy = $3
		$3.CommitMessageStyle = $4
		$4.FirstFilePrefix = 
		$4.FileSeparator = ", "
		$4.LastFilePostfix = @:\n
		$4.LineAlign = 0
	EndGlobalSection
	GlobalSection(NestedProjects) = preSolution
		{C4F99860-71EA-430A-AA22-26CEBFF9077A} = {B68EB2B4-46E4-4742-A2D9-75C23945F1B3}
		{D884F201-BEB8-442E-AC67-4505203B4CAA} = {B68EB2B4-46E4-4742-A2D9-75C23945F1B3}
		{98779DF9-F506-4E30-8093-9E279177B36F} = {B68EB2B4-46E4-4742-A2D9-75C23945F1B3}
	EndGlobalSection
EndGlobal
